
Microsoft Visual Studio Solution File, Format Version 12.00
Project("{FAE04EC0-301F-11D3-BF4B-00C04F79EFBC}") = "APBDcw3", "APBDcw3\APBDcw3.csproj", "{3015B504-582D-4505-83B0-F7CD3AC4434A}"
EndProject
Global
	GlobalSection(SolutionConfigurationPlatforms) = preSolution
		Debug|Any CPU = Debug|Any CPU
		Release|Any CPU = Release|Any CPU
	EndGlobalSection
	GlobalSection(ProjectConfigurationPlatforms) = postSolution
		{3015B504-582D-4505-83B0-F7CD3AC4434A}.Debug|Any CPU.ActiveCfg = Debug|Any CPU
		{3015B504-582D-4505-83B0-F7CD3AC4434A}.Debug|Any CPU.Build.0 = Debug|Any CPU
		{3015B504-582D-4505-83B0-F7CD3AC4434A}.Release|Any CPU.ActiveCfg = Release|Any CPU
		{3015B504-582D-4505-83B0-F7CD3AC4434A}.Release|Any CPU.Build.0 = Release|Any CPU
	EndGlobalSection
EndGlobal
